{
  "name": "com.unity.uiextensions",
  "version": "2.3.2-pre.5",
  "lockfileVersion": 3,
  "requires": true,
  "packages": {
    "": {
      "name": "com.unity.uiextensions",
      "version": "2.3.2-pre.5",
      "license": "BSD3",
      "dependencies": {
        "com.unity.uiextensions": "file:"
      }
    },
    "node_modules/com.unity.uiextensions": {
      "resolved": "",
      "link": true
    }
  }
}
